// !$*UTF8*$!
{
	archiveVersion = 1;
	classes = {
	};
	objectVersion = 56;
	objects = {

/* Begin PBXBuildFile section */
		DB4D39E428F75FF900B472F9 /* AppDelegate.swift in Sources */ = {isa = PBXBuildFile; fileRef = DB4D39E328F75FF900B472F9 /* AppDelegate.swift */; };
		DB4D39E628F75FF900B472F9 /* SceneDelegate.swift in Sources */ = {isa = PBXBuildFile; fileRef = DB4D39E528F75FF900B472F9 /* SceneDelegate.swift */; };
		DB4D39E828F75FF900B472F9 /* CoreViewController.swift in Sources */ = {isa = PBXBuildFile; fileRef = DB4D39E728F75FF900B472F9 /* CoreViewController.swift */; };
		DB4D39EE28F75FF900B472F9 /* pokedex.xcdatamodeld in Sources */ = {isa = PBXBuildFile; fileRef = DB4D39EC28F75FF900B472F9 /* pokedex.xcdatamodeld */; };
		DB4D39F028F75FFB00B472F9 /* Assets.xcassets in Resources */ = {isa = PBXBuildFile; fileRef = DB4D39EF28F75FFB00B472F9 /* Assets.xcassets */; };
		DB4D39F328F75FFB00B472F9 /* LaunchScreen.storyboard in Resources */ = {isa = PBXBuildFile; fileRef = DB4D39F128F75FFB00B472F9 /* LaunchScreen.storyboard */; };
		DB4D39FE28F75FFC00B472F9 /* pokedexTests.swift in Sources */ = {isa = PBXBuildFile; fileRef = DB4D39FD28F75FFC00B472F9 /* pokedexTests.swift */; };
		DB4D3A0828F75FFC00B472F9 /* pokedexUITests.swift in Sources */ = {isa = PBXBuildFile; fileRef = DB4D3A0728F75FFC00B472F9 /* pokedexUITests.swift */; };
		DB4D3A0A28F75FFC00B472F9 /* pokedexUITestsLaunchTests.swift in Sources */ = {isa = PBXBuildFile; fileRef = DB4D3A0928F75FFC00B472F9 /* pokedexUITestsLaunchTests.swift */; };
		DB4D3A1828F7620A00B472F9 /* Alamofire in Frameworks */ = {isa = PBXBuildFile; productRef = DB4D3A1728F7620A00B472F9 /* Alamofire */; };
		DB4D3A2428F762F700B472F9 /* Coordinator.swift in Sources */ = {isa = PBXBuildFile; fileRef = DB4D3A2328F762F700B472F9 /* Coordinator.swift */; };
		DB4D3A2628F7633100B472F9 /* UIViewLayout.swift in Sources */ = {isa = PBXBuildFile; fileRef = DB4D3A2528F7633100B472F9 /* UIViewLayout.swift */; };
		DB4D3A2A28F764FE00B472F9 /* MainCoordiinator.swift in Sources */ = {isa = PBXBuildFile; fileRef = DB4D3A2928F764FE00B472F9 /* MainCoordiinator.swift */; };
		DB4D3A2F28F7A43D00B472F9 /* PokemonListViewController.swift in Sources */ = {isa = PBXBuildFile; fileRef = DB4D3A2E28F7A43D00B472F9 /* PokemonListViewController.swift */; };
		DB4D3A3128F7A5D200B472F9 /* PokemonListCoordinator.swift in Sources */ = {isa = PBXBuildFile; fileRef = DB4D3A3028F7A5D200B472F9 /* PokemonListCoordinator.swift */; };
		DB4D3A3528F7A8C300B472F9 /* LoadingScreenViewController.swift in Sources */ = {isa = PBXBuildFile; fileRef = DB4D3A3428F7A8C300B472F9 /* LoadingScreenViewController.swift */; };
		DB4D3A3728F7A8D400B472F9 /* LoadingScreenCoordinator.swift in Sources */ = {isa = PBXBuildFile; fileRef = DB4D3A3628F7A8D400B472F9 /* LoadingScreenCoordinator.swift */; };
		DB4D3A3A28F7A99400B472F9 /* gifLoader.swift in Sources */ = {isa = PBXBuildFile; fileRef = DB4D3A3928F7A99400B472F9 /* gifLoader.swift */; };
		DB4D3A4028F7A9FF00B472F9 /* LoadingView.swift in Sources */ = {isa = PBXBuildFile; fileRef = DB4D3A3F28F7A9FF00B472F9 /* LoadingView.swift */; };
		DB4D3A4628F8726E00B472F9 /* LoadingScreenModelView.swift in Sources */ = {isa = PBXBuildFile; fileRef = DB4D3A4528F8726E00B472F9 /* LoadingScreenModelView.swift */; };
		DB4D3A4C28F875A100B472F9 /* Pokemon.swift in Sources */ = {isa = PBXBuildFile; fileRef = DB4D3A4B28F875A100B472F9 /* Pokemon.swift */; };
		DB4D3A4E28F879D900B472F9 /* Results.swift in Sources */ = {isa = PBXBuildFile; fileRef = DB4D3A4D28F879D900B472F9 /* Results.swift */; };
		DB4D3A5428F89FDB00B472F9 /* Icons.swift in Sources */ = {isa = PBXBuildFile; fileRef = DB4D3A5328F89FDB00B472F9 /* Icons.swift */; };
		DB4D3A5628F8A26000B472F9 /* IconColors.swift in Sources */ = {isa = PBXBuildFile; fileRef = DB4D3A5528F8A26000B472F9 /* IconColors.swift */; };
		DB4D3A5828F8DCF800B472F9 /* LoadingProtocol.swift in Sources */ = {isa = PBXBuildFile; fileRef = DB4D3A5728F8DCF800B472F9 /* LoadingProtocol.swift */; };
		DB4D3A5A28F8E38200B472F9 /* LoadingState.swift in Sources */ = {isa = PBXBuildFile; fileRef = DB4D3A5928F8E38200B472F9 /* LoadingState.swift */; };
		DB4D3A5C28F9A19F00B472F9 /* IndividualPokemon.swift in Sources */ = {isa = PBXBuildFile; fileRef = DB4D3A5B28F9A19F00B472F9 /* IndividualPokemon.swift */; };
		DB4D3A5E28F9A33D00B472F9 /* Ability.swift in Sources */ = {isa = PBXBuildFile; fileRef = DB4D3A5D28F9A33D00B472F9 /* Ability.swift */; };
		DB4D3A6028F9A34700B472F9 /* PokemonTypes.swift in Sources */ = {isa = PBXBuildFile; fileRef = DB4D3A5F28F9A34700B472F9 /* PokemonTypes.swift */; };
		DB4D3A6228F9A45400B472F9 /* PkmnImage.swift in Sources */ = {isa = PBXBuildFile; fileRef = DB4D3A6128F9A45400B472F9 /* PkmnImage.swift */; };
		DB4D3A6428F9A51E00B472F9 /* Other.swift in Sources */ = {isa = PBXBuildFile; fileRef = DB4D3A6328F9A51E00B472F9 /* Other.swift */; };
		DB4D3A6628F9A7E300B472F9 /* StringConstants.swift in Sources */ = {isa = PBXBuildFile; fileRef = DB4D3A6528F9A7E300B472F9 /* StringConstants.swift */; };
		DB4D3A6A28F9C4DA00B472F9 /* PokemonListView.swift in Sources */ = {isa = PBXBuildFile; fileRef = DB4D3A6928F9C4DA00B472F9 /* PokemonListView.swift */; };
		DB4D3A6C28F9C4E900B472F9 /* PokemonCell.swift in Sources */ = {isa = PBXBuildFile; fileRef = DB4D3A6B28F9C4E900B472F9 /* PokemonCell.swift */; };
		DB4D3A6F28F9C56A00B472F9 /* PokemonListViewModel.swift in Sources */ = {isa = PBXBuildFile; fileRef = DB4D3A6E28F9C56A00B472F9 /* PokemonListViewModel.swift */; };
		DB4D3A7228F9D29D00B472F9 /* ViewModelDelegate.swift in Sources */ = {isa = PBXBuildFile; fileRef = DB4D3A7128F9D29D00B472F9 /* ViewModelDelegate.swift */; };
		DBBC8B3E28FADB4D00A25DFE /* PokemonDetails.swift in Sources */ = {isa = PBXBuildFile; fileRef = DBBC8B3D28FADB4D00A25DFE /* PokemonDetails.swift */; };
		DBBC8B4028FADBF600A25DFE /* PokemonType.swift in Sources */ = {isa = PBXBuildFile; fileRef = DBBC8B3F28FADBF600A25DFE /* PokemonType.swift */; };
		DBBC8B4228FADCBE00A25DFE /* OfficialArtwork.swift in Sources */ = {isa = PBXBuildFile; fileRef = DBBC8B4128FADCBE00A25DFE /* OfficialArtwork.swift */; };
		DBBC8B4428FADF9000A25DFE /* PokemonTypeView.swift in Sources */ = {isa = PBXBuildFile; fileRef = DBBC8B4328FADF9000A25DFE /* PokemonTypeView.swift */; };
		DBBC8B4628FCC41100A25DFE /* PokedexApiManager.swift in Sources */ = {isa = PBXBuildFile; fileRef = DBBC8B4528FCC41100A25DFE /* PokedexApiManager.swift */; };
		DBBC8B4828FCC7FB00A25DFE /* PokedexNetworkLogger.swift in Sources */ = {isa = PBXBuildFile; fileRef = DBBC8B4728FCC7FB00A25DFE /* PokedexNetworkLogger.swift */; };
		DBBC8B4E28FDDA7B00A25DFE /* PokemonDetailsCoordnator.swift in Sources */ = {isa = PBXBuildFile; fileRef = DBBC8B4D28FDDA7B00A25DFE /* PokemonDetailsCoordnator.swift */; };
		DBBC8B5028FDDAB300A25DFE /* PokemonDetailsViewController.swift in Sources */ = {isa = PBXBuildFile; fileRef = DBBC8B4F28FDDAB300A25DFE /* PokemonDetailsViewController.swift */; };
		DBBC8B5228FDDB1300A25DFE /* PokemonDetailsModelView.swift in Sources */ = {isa = PBXBuildFile; fileRef = DBBC8B5128FDDB1300A25DFE /* PokemonDetailsModelView.swift */; };
		DBBC8B5428FDDB6200A25DFE /* PokemonDetailsView.swift in Sources */ = {isa = PBXBuildFile; fileRef = DBBC8B5328FDDB6200A25DFE /* PokemonDetailsView.swift */; };
		DBBC8B5728FDE41900A25DFE /* PokemonDetailsCell.swift in Sources */ = {isa = PBXBuildFile; fileRef = DBBC8B5628FDE41900A25DFE /* PokemonDetailsCell.swift */; };
		DBBC8B5928FDF62100A25DFE /* PokemonPropertiesFunctions.swift in Sources */ = {isa = PBXBuildFile; fileRef = DBBC8B5828FDF62100A25DFE /* PokemonPropertiesFunctions.swift */; };
		DBBC8B5B28FE096000A25DFE /* PokemonAboutView.swift in Sources */ = {isa = PBXBuildFile; fileRef = DBBC8B5A28FE096000A25DFE /* PokemonAboutView.swift */; };
		DBBC8B5D28FE12C700A25DFE /* PokemonInfoStruct.swift in Sources */ = {isa = PBXBuildFile; fileRef = DBBC8B5C28FE12C700A25DFE /* PokemonInfoStruct.swift */; };
		DBBC8B5F28FE25D800A25DFE /* Specie.swift in Sources */ = {isa = PBXBuildFile; fileRef = DBBC8B5E28FE25D800A25DFE /* Specie.swift */; };
		DBBC8B6128FE262000A25DFE /* PokemonSpecies.swift in Sources */ = {isa = PBXBuildFile; fileRef = DBBC8B6028FE262000A25DFE /* PokemonSpecies.swift */; };
		DBBC8B6328FE276700A25DFE /* EggGroups.swift in Sources */ = {isa = PBXBuildFile; fileRef = DBBC8B6228FE276700A25DFE /* EggGroups.swift */; };
		DBBC8B6528FE278500A25DFE /* FlavorTextEntries.swift in Sources */ = {isa = PBXBuildFile; fileRef = DBBC8B6428FE278500A25DFE /* FlavorTextEntries.swift */; };
		DBBC8B6728FE27D700A25DFE /* Shape.swift in Sources */ = {isa = PBXBuildFile; fileRef = DBBC8B6628FE27D700A25DFE /* Shape.swift */; };
		DBBC8B6A28FE3C9000A25DFE /* ModalDelegate.swift in Sources */ = {isa = PBXBuildFile; fileRef = DBBC8B6928FE3C9000A25DFE /* ModalDelegate.swift */; };
		DBBC8B6C28FE3F0F00A25DFE /* PokemonAbilityViewController.swift in Sources */ = {isa = PBXBuildFile; fileRef = DBBC8B6B28FE3F0F00A25DFE /* PokemonAbilityViewController.swift */; };
		DBBC8B6E28FE3F1F00A25DFE /* PokemonAbilityView.swift in Sources */ = {isa = PBXBuildFile; fileRef = DBBC8B6D28FE3F1F00A25DFE /* PokemonAbilityView.swift */; };
		DBBC8B7228FE4A5600A25DFE /* AbilityEntry.swift in Sources */ = {isa = PBXBuildFile; fileRef = DBBC8B7128FE4A5600A25DFE /* AbilityEntry.swift */; };
		DBBC8B7628FF1B5600A25DFE /* PokemonStatsView.swift in Sources */ = {isa = PBXBuildFile; fileRef = DBBC8B7528FF1B5600A25DFE /* PokemonStatsView.swift */; };
		DBBC8B7928FF293300A25DFE /* PokemonEvolutionView.swift in Sources */ = {isa = PBXBuildFile; fileRef = DBBC8B7828FF293300A25DFE /* PokemonEvolutionView.swift */; };
		DBBC8B7B28FF33B900A25DFE /* Stats.swift in Sources */ = {isa = PBXBuildFile; fileRef = DBBC8B7A28FF33B900A25DFE /* Stats.swift */; };
/* End PBXBuildFile section */

/* Begin PBXContainerItemProxy section */
		DB4D39FA28F75FFC00B472F9 /* PBXContainerItemProxy */ = {
			isa = PBXContainerItemProxy;
			containerPortal = DB4D39D828F75FF900B472F9 /* Project object */;
			proxyType = 1;
			remoteGlobalIDString = DB4D39DF28F75FF900B472F9;
			remoteInfo = pokedex;
		};
		DB4D3A0428F75FFC00B472F9 /* PBXContainerItemProxy */ = {
			isa = PBXContainerItemProxy;
			containerPortal = DB4D39D828F75FF900B472F9 /* Project object */;
			proxyType = 1;
			remoteGlobalIDString = DB4D39DF28F75FF900B472F9;
			remoteInfo = pokedex;
		};
/* End PBXContainerItemProxy section */

/* Begin PBXFileReference section */
		DB4D39E028F75FF900B472F9 /* pokedex.app */ = {isa = PBXFileReference; explicitFileType = wrapper.application; includeInIndex = 0; path = pokedex.app; sourceTree = BUILT_PRODUCTS_DIR; };
		DB4D39E328F75FF900B472F9 /* AppDelegate.swift */ = {isa = PBXFileReference; lastKnownFileType = sourcecode.swift; path = AppDelegate.swift; sourceTree = "<group>"; };
		DB4D39E528F75FF900B472F9 /* SceneDelegate.swift */ = {isa = PBXFileReference; lastKnownFileType = sourcecode.swift; path = SceneDelegate.swift; sourceTree = "<group>"; };
		DB4D39E728F75FF900B472F9 /* CoreViewController.swift */ = {isa = PBXFileReference; lastKnownFileType = sourcecode.swift; path = CoreViewController.swift; sourceTree = "<group>"; };
		DB4D39ED28F75FF900B472F9 /* pokedex.xcdatamodel */ = {isa = PBXFileReference; lastKnownFileType = wrapper.xcdatamodel; path = pokedex.xcdatamodel; sourceTree = "<group>"; };
		DB4D39EF28F75FFB00B472F9 /* Assets.xcassets */ = {isa = PBXFileReference; lastKnownFileType = folder.assetcatalog; path = Assets.xcassets; sourceTree = "<group>"; };
		DB4D39F228F75FFB00B472F9 /* Base */ = {isa = PBXFileReference; lastKnownFileType = file.storyboard; name = Base; path = Base.lproj/LaunchScreen.storyboard; sourceTree = "<group>"; };
		DB4D39F428F75FFB00B472F9 /* Info.plist */ = {isa = PBXFileReference; lastKnownFileType = text.plist.xml; path = Info.plist; sourceTree = "<group>"; };
		DB4D39F928F75FFC00B472F9 /* pokedexTests.xctest */ = {isa = PBXFileReference; explicitFileType = wrapper.cfbundle; includeInIndex = 0; path = pokedexTests.xctest; sourceTree = BUILT_PRODUCTS_DIR; };
		DB4D39FD28F75FFC00B472F9 /* pokedexTests.swift */ = {isa = PBXFileReference; lastKnownFileType = sourcecode.swift; path = pokedexTests.swift; sourceTree = "<group>"; };
		DB4D3A0328F75FFC00B472F9 /* pokedexUITests.xctest */ = {isa = PBXFileReference; explicitFileType = wrapper.cfbundle; includeInIndex = 0; path = pokedexUITests.xctest; sourceTree = BUILT_PRODUCTS_DIR; };
		DB4D3A0728F75FFC00B472F9 /* pokedexUITests.swift */ = {isa = PBXFileReference; lastKnownFileType = sourcecode.swift; path = pokedexUITests.swift; sourceTree = "<group>"; };
		DB4D3A0928F75FFC00B472F9 /* pokedexUITestsLaunchTests.swift */ = {isa = PBXFileReference; lastKnownFileType = sourcecode.swift; path = pokedexUITestsLaunchTests.swift; sourceTree = "<group>"; };
		DB4D3A2328F762F700B472F9 /* Coordinator.swift */ = {isa = PBXFileReference; lastKnownFileType = sourcecode.swift; path = Coordinator.swift; sourceTree = "<group>"; };
		DB4D3A2528F7633100B472F9 /* UIViewLayout.swift */ = {isa = PBXFileReference; lastKnownFileType = sourcecode.swift; path = UIViewLayout.swift; sourceTree = "<group>"; };
		DB4D3A2928F764FE00B472F9 /* MainCoordiinator.swift */ = {isa = PBXFileReference; lastKnownFileType = sourcecode.swift; path = MainCoordiinator.swift; sourceTree = "<group>"; };
		DB4D3A2E28F7A43D00B472F9 /* PokemonListViewController.swift */ = {isa = PBXFileReference; lastKnownFileType = sourcecode.swift; path = PokemonListViewController.swift; sourceTree = "<group>"; };
		DB4D3A3028F7A5D200B472F9 /* PokemonListCoordinator.swift */ = {isa = PBXFileReference; lastKnownFileType = sourcecode.swift; path = PokemonListCoordinator.swift; sourceTree = "<group>"; };
		DB4D3A3428F7A8C300B472F9 /* LoadingScreenViewController.swift */ = {isa = PBXFileReference; lastKnownFileType = sourcecode.swift; path = LoadingScreenViewController.swift; sourceTree = "<group>"; };
		DB4D3A3628F7A8D400B472F9 /* LoadingScreenCoordinator.swift */ = {isa = PBXFileReference; lastKnownFileType = sourcecode.swift; path = LoadingScreenCoordinator.swift; sourceTree = "<group>"; };
		DB4D3A3928F7A99400B472F9 /* gifLoader.swift */ = {isa = PBXFileReference; lastKnownFileType = sourcecode.swift; path = gifLoader.swift; sourceTree = "<group>"; };
		DB4D3A3F28F7A9FF00B472F9 /* LoadingView.swift */ = {isa = PBXFileReference; lastKnownFileType = sourcecode.swift; path = LoadingView.swift; sourceTree = "<group>"; };
		DB4D3A4528F8726E00B472F9 /* LoadingScreenModelView.swift */ = {isa = PBXFileReference; lastKnownFileType = sourcecode.swift; path = LoadingScreenModelView.swift; sourceTree = "<group>"; };
		DB4D3A4B28F875A100B472F9 /* Pokemon.swift */ = {isa = PBXFileReference; lastKnownFileType = sourcecode.swift; path = Pokemon.swift; sourceTree = "<group>"; };
		DB4D3A4D28F879D900B472F9 /* Results.swift */ = {isa = PBXFileReference; lastKnownFileType = sourcecode.swift; path = Results.swift; sourceTree = "<group>"; };
		DB4D3A5328F89FDB00B472F9 /* Icons.swift */ = {isa = PBXFileReference; lastKnownFileType = sourcecode.swift; path = Icons.swift; sourceTree = "<group>"; };
		DB4D3A5528F8A26000B472F9 /* IconColors.swift */ = {isa = PBXFileReference; lastKnownFileType = sourcecode.swift; path = IconColors.swift; sourceTree = "<group>"; };
		DB4D3A5728F8DCF800B472F9 /* LoadingProtocol.swift */ = {isa = PBXFileReference; lastKnownFileType = sourcecode.swift; path = LoadingProtocol.swift; sourceTree = "<group>"; };
		DB4D3A5928F8E38200B472F9 /* LoadingState.swift */ = {isa = PBXFileReference; lastKnownFileType = sourcecode.swift; path = LoadingState.swift; sourceTree = "<group>"; };
		DB4D3A5B28F9A19F00B472F9 /* IndividualPokemon.swift */ = {isa = PBXFileReference; lastKnownFileType = sourcecode.swift; path = IndividualPokemon.swift; sourceTree = "<group>"; };
		DB4D3A5D28F9A33D00B472F9 /* Ability.swift */ = {isa = PBXFileReference; lastKnownFileType = sourcecode.swift; path = Ability.swift; sourceTree = "<group>"; };
		DB4D3A5F28F9A34700B472F9 /* PokemonTypes.swift */ = {isa = PBXFileReference; lastKnownFileType = sourcecode.swift; path = PokemonTypes.swift; sourceTree = "<group>"; };
		DB4D3A6128F9A45400B472F9 /* PkmnImage.swift */ = {isa = PBXFileReference; lastKnownFileType = sourcecode.swift; path = PkmnImage.swift; sourceTree = "<group>"; };
		DB4D3A6328F9A51E00B472F9 /* Other.swift */ = {isa = PBXFileReference; lastKnownFileType = sourcecode.swift; path = Other.swift; sourceTree = "<group>"; };
		DB4D3A6528F9A7E300B472F9 /* StringConstants.swift */ = {isa = PBXFileReference; lastKnownFileType = sourcecode.swift; path = StringConstants.swift; sourceTree = "<group>"; };
		DB4D3A6928F9C4DA00B472F9 /* PokemonListView.swift */ = {isa = PBXFileReference; lastKnownFileType = sourcecode.swift; path = PokemonListView.swift; sourceTree = "<group>"; };
		DB4D3A6B28F9C4E900B472F9 /* PokemonCell.swift */ = {isa = PBXFileReference; lastKnownFileType = sourcecode.swift; path = PokemonCell.swift; sourceTree = "<group>"; };
		DB4D3A6E28F9C56A00B472F9 /* PokemonListViewModel.swift */ = {isa = PBXFileReference; lastKnownFileType = sourcecode.swift; path = PokemonListViewModel.swift; sourceTree = "<group>"; };
		DB4D3A7128F9D29D00B472F9 /* ViewModelDelegate.swift */ = {isa = PBXFileReference; lastKnownFileType = sourcecode.swift; path = ViewModelDelegate.swift; sourceTree = "<group>"; };
		DBBC8B3D28FADB4D00A25DFE /* PokemonDetails.swift */ = {isa = PBXFileReference; lastKnownFileType = sourcecode.swift; path = PokemonDetails.swift; sourceTree = "<group>"; };
		DBBC8B3F28FADBF600A25DFE /* PokemonType.swift */ = {isa = PBXFileReference; lastKnownFileType = sourcecode.swift; path = PokemonType.swift; sourceTree = "<group>"; };
		DBBC8B4128FADCBE00A25DFE /* OfficialArtwork.swift */ = {isa = PBXFileReference; lastKnownFileType = sourcecode.swift; path = OfficialArtwork.swift; sourceTree = "<group>"; };
		DBBC8B4328FADF9000A25DFE /* PokemonTypeView.swift */ = {isa = PBXFileReference; lastKnownFileType = sourcecode.swift; path = PokemonTypeView.swift; sourceTree = "<group>"; };
		DBBC8B4528FCC41100A25DFE /* PokedexApiManager.swift */ = {isa = PBXFileReference; lastKnownFileType = sourcecode.swift; path = PokedexApiManager.swift; sourceTree = "<group>"; };
		DBBC8B4728FCC7FB00A25DFE /* PokedexNetworkLogger.swift */ = {isa = PBXFileReference; lastKnownFileType = sourcecode.swift; path = PokedexNetworkLogger.swift; sourceTree = "<group>"; };
		DBBC8B4D28FDDA7B00A25DFE /* PokemonDetailsCoordnator.swift */ = {isa = PBXFileReference; lastKnownFileType = sourcecode.swift; path = PokemonDetailsCoordnator.swift; sourceTree = "<group>"; };
		DBBC8B4F28FDDAB300A25DFE /* PokemonDetailsViewController.swift */ = {isa = PBXFileReference; lastKnownFileType = sourcecode.swift; path = PokemonDetailsViewController.swift; sourceTree = "<group>"; };
		DBBC8B5128FDDB1300A25DFE /* PokemonDetailsModelView.swift */ = {isa = PBXFileReference; lastKnownFileType = sourcecode.swift; path = PokemonDetailsModelView.swift; sourceTree = "<group>"; };
		DBBC8B5328FDDB6200A25DFE /* PokemonDetailsView.swift */ = {isa = PBXFileReference; lastKnownFileType = sourcecode.swift; path = PokemonDetailsView.swift; sourceTree = "<group>"; };
		DBBC8B5628FDE41900A25DFE /* PokemonDetailsCell.swift */ = {isa = PBXFileReference; lastKnownFileType = sourcecode.swift; path = PokemonDetailsCell.swift; sourceTree = "<group>"; };
		DBBC8B5828FDF62100A25DFE /* PokemonPropertiesFunctions.swift */ = {isa = PBXFileReference; lastKnownFileType = sourcecode.swift; path = PokemonPropertiesFunctions.swift; sourceTree = "<group>"; };
		DBBC8B5A28FE096000A25DFE /* PokemonAboutView.swift */ = {isa = PBXFileReference; lastKnownFileType = sourcecode.swift; path = PokemonAboutView.swift; sourceTree = "<group>"; };
		DBBC8B5C28FE12C700A25DFE /* PokemonInfoStruct.swift */ = {isa = PBXFileReference; lastKnownFileType = sourcecode.swift; path = PokemonInfoStruct.swift; sourceTree = "<group>"; };
		DBBC8B5E28FE25D800A25DFE /* Specie.swift */ = {isa = PBXFileReference; lastKnownFileType = sourcecode.swift; path = Specie.swift; sourceTree = "<group>"; };
		DBBC8B6028FE262000A25DFE /* PokemonSpecies.swift */ = {isa = PBXFileReference; lastKnownFileType = sourcecode.swift; path = PokemonSpecies.swift; sourceTree = "<group>"; };
		DBBC8B6228FE276700A25DFE /* EggGroups.swift */ = {isa = PBXFileReference; lastKnownFileType = sourcecode.swift; path = EggGroups.swift; sourceTree = "<group>"; };
		DBBC8B6428FE278500A25DFE /* FlavorTextEntries.swift */ = {isa = PBXFileReference; lastKnownFileType = sourcecode.swift; path = FlavorTextEntries.swift; sourceTree = "<group>"; };
		DBBC8B6628FE27D700A25DFE /* Shape.swift */ = {isa = PBXFileReference; lastKnownFileType = sourcecode.swift; path = Shape.swift; sourceTree = "<group>"; };
		DBBC8B6928FE3C9000A25DFE /* ModalDelegate.swift */ = {isa = PBXFileReference; lastKnownFileType = sourcecode.swift; path = ModalDelegate.swift; sourceTree = "<group>"; };
		DBBC8B6B28FE3F0F00A25DFE /* PokemonAbilityViewController.swift */ = {isa = PBXFileReference; lastKnownFileType = sourcecode.swift; path = PokemonAbilityViewController.swift; sourceTree = "<group>"; };
		DBBC8B6D28FE3F1F00A25DFE /* PokemonAbilityView.swift */ = {isa = PBXFileReference; lastKnownFileType = sourcecode.swift; path = PokemonAbilityView.swift; sourceTree = "<group>"; };
		DBBC8B7128FE4A5600A25DFE /* AbilityEntry.swift */ = {isa = PBXFileReference; lastKnownFileType = sourcecode.swift; path = AbilityEntry.swift; sourceTree = "<group>"; };
		DBBC8B7528FF1B5600A25DFE /* PokemonStatsView.swift */ = {isa = PBXFileReference; lastKnownFileType = sourcecode.swift; path = PokemonStatsView.swift; sourceTree = "<group>"; };
		DBBC8B7828FF293300A25DFE /* PokemonEvolutionView.swift */ = {isa = PBXFileReference; lastKnownFileType = sourcecode.swift; path = PokemonEvolutionView.swift; sourceTree = "<group>"; };
		DBBC8B7A28FF33B900A25DFE /* Stats.swift */ = {isa = PBXFileReference; lastKnownFileType = sourcecode.swift; path = Stats.swift; sourceTree = "<group>"; };
/* End PBXFileReference section */

/* Begin PBXFrameworksBuildPhase section */
		DB4D39DD28F75FF900B472F9 /* Frameworks */ = {
			isa = PBXFrameworksBuildPhase;
			buildActionMask = 2147483647;
			files = (
				DB4D3A1828F7620A00B472F9 /* Alamofire in Frameworks */,
			);
			runOnlyForDeploymentPostprocessing = 0;
		};
		DB4D39F628F75FFC00B472F9 /* Frameworks */ = {
			isa = PBXFrameworksBuildPhase;
			buildActionMask = 2147483647;
			files = (
			);
			runOnlyForDeploymentPostprocessing = 0;
		};
		DB4D3A0028F75FFC00B472F9 /* Frameworks */ = {
			isa = PBXFrameworksBuildPhase;
			buildActionMask = 2147483647;
			files = (
			);
			runOnlyForDeploymentPostprocessing = 0;
		};
/* End PBXFrameworksBuildPhase section */

/* Begin PBXGroup section */
		DB4D39D728F75FF900B472F9 = {
			isa = PBXGroup;
			children = (
				DB4D39E228F75FF900B472F9 /* pokedex */,
				DB4D39FC28F75FFC00B472F9 /* pokedexTests */,
				DB4D3A0628F75FFC00B472F9 /* pokedexUITests */,
				DB4D39E128F75FF900B472F9 /* Products */,
			);
			sourceTree = "<group>";
		};
		DB4D39E128F75FF900B472F9 /* Products */ = {
			isa = PBXGroup;
			children = (
				DB4D39E028F75FF900B472F9 /* pokedex.app */,
				DB4D39F928F75FFC00B472F9 /* pokedexTests.xctest */,
				DB4D3A0328F75FFC00B472F9 /* pokedexUITests.xctest */,
			);
			name = Products;
			sourceTree = "<group>";
		};
		DB4D39E228F75FF900B472F9 /* pokedex */ = {
			isa = PBXGroup;
			children = (
				DB4D3A1928F7624C00B472F9 /* Main */,
				DB4D3A2728F7644300B472F9 /* Scenes */,
				DB4D39EF28F75FFB00B472F9 /* Assets.xcassets */,
				DB4D39F128F75FFB00B472F9 /* LaunchScreen.storyboard */,
				DB4D39F428F75FFB00B472F9 /* Info.plist */,
				DB4D39EC28F75FF900B472F9 /* pokedex.xcdatamodeld */,
			);
			path = pokedex;
			sourceTree = "<group>";
		};
		DB4D39FC28F75FFC00B472F9 /* pokedexTests */ = {
			isa = PBXGroup;
			children = (
				DB4D39FD28F75FFC00B472F9 /* pokedexTests.swift */,
			);
			path = pokedexTests;
			sourceTree = "<group>";
		};
		DB4D3A0628F75FFC00B472F9 /* pokedexUITests */ = {
			isa = PBXGroup;
			children = (
				DB4D3A0728F75FFC00B472F9 /* pokedexUITests.swift */,
				DB4D3A0928F75FFC00B472F9 /* pokedexUITestsLaunchTests.swift */,
			);
			path = pokedexUITests;
			sourceTree = "<group>";
		};
		DB4D3A1928F7624C00B472F9 /* Main */ = {
			isa = PBXGroup;
			children = (
				DB4D39E328F75FF900B472F9 /* AppDelegate.swift */,
				DB4D39E528F75FF900B472F9 /* SceneDelegate.swift */,
				DB4D3A1A28F7626E00B472F9 /* Core */,
			);
			path = Main;
			sourceTree = "<group>";
		};
		DB4D3A1A28F7626E00B472F9 /* Core */ = {
			isa = PBXGroup;
			children = (
				DB4D3A5228F89FCF00B472F9 /* Commons */,
				DB4D3A1B28F7629A00B472F9 /* Controllers */,
				DB4D3A1C28F762A100B472F9 /* Coordinator */,
				DB4D3A1E28F762AE00B472F9 /* Enums */,
				DB4D3A2028F762BE00B472F9 /* Model */,
				DB4D3A1F28F762B300B472F9 /* Protocols */,
			);
			path = Core;
			sourceTree = "<group>";
		};
		DB4D3A1B28F7629A00B472F9 /* Controllers */ = {
			isa = PBXGroup;
			children = (
				DB4D39E728F75FF900B472F9 /* CoreViewController.swift */,
			);
			path = Controllers;
			sourceTree = "<group>";
		};
		DB4D3A1C28F762A100B472F9 /* Coordinator */ = {
			isa = PBXGroup;
			children = (
				DB4D3A2928F764FE00B472F9 /* MainCoordiinator.swift */,
			);
			path = Coordinator;
			sourceTree = "<group>";
		};
		DB4D3A1E28F762AE00B472F9 /* Enums */ = {
			isa = PBXGroup;
			children = (
				DB4D3A5928F8E38200B472F9 /* LoadingState.swift */,
			);
			path = Enums;
			sourceTree = "<group>";
		};
		DB4D3A1F28F762B300B472F9 /* Protocols */ = {
			isa = PBXGroup;
			children = (
				DB4D3A2328F762F700B472F9 /* Coordinator.swift */,
				DB4D3A2528F7633100B472F9 /* UIViewLayout.swift */,
				DB4D3A5728F8DCF800B472F9 /* LoadingProtocol.swift */,
			);
			path = Protocols;
			sourceTree = "<group>";
		};
		DB4D3A2028F762BE00B472F9 /* Model */ = {
			isa = PBXGroup;
			children = (
				DB4D3A4A28F8759500B472F9 /* Structs */,
				DB4D3A4728F873BB00B472F9 /* Networking */,
			);
			path = Model;
			sourceTree = "<group>";
		};
		DB4D3A2728F7644300B472F9 /* Scenes */ = {
			isa = PBXGroup;
			children = (
				DB4D3A3228F7A89800B472F9 /* LoadingScreen */,
				DB4D3A2828F7646600B472F9 /* PokemonList */,
				DBBC8B4928FDDA4500A25DFE /* PokemonDetails */,
			);
			path = Scenes;
			sourceTree = "<group>";
		};
		DB4D3A2828F7646600B472F9 /* PokemonList */ = {
			isa = PBXGroup;
			children = (
				DB4D3A3028F7A5D200B472F9 /* PokemonListCoordinator.swift */,
				DB4D3A7028F9D28C00B472F9 /* Protocols */,
				DB4D3A6D28F9C55900B472F9 /* ModelView */,
				DB4D3A6828F9C4CD00B472F9 /* Cells */,
				DB4D3A6728F9C4C700B472F9 /* View */,
				DB4D3A2D28F7A42E00B472F9 /* ViewController */,
			);
			path = PokemonList;
			sourceTree = "<group>";
		};
		DB4D3A2D28F7A42E00B472F9 /* ViewController */ = {
			isa = PBXGroup;
			children = (
				DB4D3A2E28F7A43D00B472F9 /* PokemonListViewController.swift */,
			);
			path = ViewController;
			sourceTree = "<group>";
		};
		DB4D3A3228F7A89800B472F9 /* LoadingScreen */ = {
			isa = PBXGroup;
			children = (
				DB4D3A3628F7A8D400B472F9 /* LoadingScreenCoordinator.swift */,
				DB4D3A4428F8725F00B472F9 /* ModelView */,
				DB4D3A3B28F7A9B400B472F9 /* Assets */,
				DB4D3A3828F7A98800B472F9 /* Commons */,
				DB4D3A3E28F7A9ED00B472F9 /* View */,
				DB4D3A3328F7A8A800B472F9 /* ViewController */,
			);
			path = LoadingScreen;
			sourceTree = "<group>";
		};
		DB4D3A3328F7A8A800B472F9 /* ViewController */ = {
			isa = PBXGroup;
			children = (
				DB4D3A3428F7A8C300B472F9 /* LoadingScreenViewController.swift */,
			);
			path = ViewController;
			sourceTree = "<group>";
		};
		DB4D3A3828F7A98800B472F9 /* Commons */ = {
			isa = PBXGroup;
			children = (
				DB4D3A3928F7A99400B472F9 /* gifLoader.swift */,
			);
			path = Commons;
			sourceTree = "<group>";
		};
		DB4D3A3B28F7A9B400B472F9 /* Assets */ = {
			isa = PBXGroup;
			children = (
			);
			path = Assets;
			sourceTree = "<group>";
		};
		DB4D3A3E28F7A9ED00B472F9 /* View */ = {
			isa = PBXGroup;
			children = (
				DB4D3A3F28F7A9FF00B472F9 /* LoadingView.swift */,
			);
			path = View;
			sourceTree = "<group>";
		};
		DB4D3A4428F8725F00B472F9 /* ModelView */ = {
			isa = PBXGroup;
			children = (
				DB4D3A4528F8726E00B472F9 /* LoadingScreenModelView.swift */,
			);
			path = ModelView;
			sourceTree = "<group>";
		};
		DB4D3A4728F873BB00B472F9 /* Networking */ = {
			isa = PBXGroup;
			children = (
				DBBC8B4528FCC41100A25DFE /* PokedexApiManager.swift */,
				DBBC8B4728FCC7FB00A25DFE /* PokedexNetworkLogger.swift */,
			);
			path = Networking;
			sourceTree = "<group>";
		};
		DB4D3A4A28F8759500B472F9 /* Structs */ = {
			isa = PBXGroup;
			children = (
				DB4D3A4B28F875A100B472F9 /* Pokemon.swift */,
				DB4D3A4D28F879D900B472F9 /* Results.swift */,
				DB4D3A5B28F9A19F00B472F9 /* IndividualPokemon.swift */,
				DB4D3A5D28F9A33D00B472F9 /* Ability.swift */,
				DB4D3A5F28F9A34700B472F9 /* PokemonTypes.swift */,
				DB4D3A6128F9A45400B472F9 /* PkmnImage.swift */,
				DB4D3A6328F9A51E00B472F9 /* Other.swift */,
				DBBC8B3F28FADBF600A25DFE /* PokemonType.swift */,
				DBBC8B4128FADCBE00A25DFE /* OfficialArtwork.swift */,
				DBBC8B5E28FE25D800A25DFE /* Specie.swift */,
				DBBC8B6028FE262000A25DFE /* PokemonSpecies.swift */,
				DBBC8B6228FE276700A25DFE /* EggGroups.swift */,
				DBBC8B6428FE278500A25DFE /* FlavorTextEntries.swift */,
				DBBC8B6628FE27D700A25DFE /* Shape.swift */,
				DBBC8B7128FE4A5600A25DFE /* AbilityEntry.swift */,
				DBBC8B7A28FF33B900A25DFE /* Stats.swift */,
			);
			path = Structs;
			sourceTree = "<group>";
		};
		DB4D3A5228F89FCF00B472F9 /* Commons */ = {
			isa = PBXGroup;
			children = (
				DB4D3A5328F89FDB00B472F9 /* Icons.swift */,
				DB4D3A5528F8A26000B472F9 /* IconColors.swift */,
				DB4D3A6528F9A7E300B472F9 /* StringConstants.swift */,
				DBBC8B5828FDF62100A25DFE /* PokemonPropertiesFunctions.swift */,
			);
			path = Commons;
			sourceTree = "<group>";
		};
		DB4D3A6728F9C4C700B472F9 /* View */ = {
			isa = PBXGroup;
			children = (
				DB4D3A6928F9C4DA00B472F9 /* PokemonListView.swift */,
			);
			path = View;
			sourceTree = "<group>";
		};
		DB4D3A6828F9C4CD00B472F9 /* Cells */ = {
			isa = PBXGroup;
			children = (
				DB4D3A6B28F9C4E900B472F9 /* PokemonCell.swift */,
				DBBC8B3D28FADB4D00A25DFE /* PokemonDetails.swift */,
				DBBC8B4328FADF9000A25DFE /* PokemonTypeView.swift */,
			);
			path = Cells;
			sourceTree = "<group>";
		};
		DB4D3A6D28F9C55900B472F9 /* ModelView */ = {
			isa = PBXGroup;
			children = (
				DB4D3A6E28F9C56A00B472F9 /* PokemonListViewModel.swift */,
			);
			path = ModelView;
			sourceTree = "<group>";
		};
		DB4D3A7028F9D28C00B472F9 /* Protocols */ = {
			isa = PBXGroup;
			children = (
				DB4D3A7128F9D29D00B472F9 /* ViewModelDelegate.swift */,
			);
			path = Protocols;
			sourceTree = "<group>";
		};
		DBBC8B4928FDDA4500A25DFE /* PokemonDetails */ = {
			isa = PBXGroup;
			children = (
				DBBC8B4D28FDDA7B00A25DFE /* PokemonDetailsCoordnator.swift */,
				DBBC8B6828FE3C8400A25DFE /* Protocols */,
				DBBC8B5528FDE3D800A25DFE /* Cells */,
				DBBC8B4C28FDDA5B00A25DFE /* ViewController */,
				DBBC8B4B28FDDA5600A25DFE /* View */,
				DBBC8B4A28FDDA4F00A25DFE /* ModelView */,
			);
			path = PokemonDetails;
			sourceTree = "<group>";
		};
		DBBC8B4A28FDDA4F00A25DFE /* ModelView */ = {
			isa = PBXGroup;
			children = (
				DBBC8B5128FDDB1300A25DFE /* PokemonDetailsModelView.swift */,
			);
			path = ModelView;
			sourceTree = "<group>";
		};
		DBBC8B4B28FDDA5600A25DFE /* View */ = {
			isa = PBXGroup;
			children = (
				DBBC8B7728FF292600A25DFE /* EvolutionView */,
				DBBC8B7428FF1B4200A25DFE /* StatsView */,
				DBBC8B7328FF1B2800A25DFE /* Common */,
				DBBC8B7028FE3F2F00A25DFE /* AboutView */,
				DBBC8B6F28FE3F2400A25DFE /* PokemonDetails */,
			);
			path = View;
			sourceTree = "<group>";
		};
		DBBC8B4C28FDDA5B00A25DFE /* ViewController */ = {
			isa = PBXGroup;
			children = (
				DBBC8B4F28FDDAB300A25DFE /* PokemonDetailsViewController.swift */,
				DBBC8B6B28FE3F0F00A25DFE /* PokemonAbilityViewController.swift */,
			);
			path = ViewController;
			sourceTree = "<group>";
		};
		DBBC8B5528FDE3D800A25DFE /* Cells */ = {
			isa = PBXGroup;
			children = (
				DBBC8B5628FDE41900A25DFE /* PokemonDetailsCell.swift */,
			);
			path = Cells;
			sourceTree = "<group>";
		};
		DBBC8B6828FE3C8400A25DFE /* Protocols */ = {
			isa = PBXGroup;
			children = (
				DBBC8B6928FE3C9000A25DFE /* ModalDelegate.swift */,
			);
			path = Protocols;
			sourceTree = "<group>";
		};
		DBBC8B6F28FE3F2400A25DFE /* PokemonDetails */ = {
			isa = PBXGroup;
			children = (
				DBBC8B5328FDDB6200A25DFE /* PokemonDetailsView.swift */,
			);
			path = PokemonDetails;
			sourceTree = "<group>";
		};
		DBBC8B7028FE3F2F00A25DFE /* AboutView */ = {
			isa = PBXGroup;
			children = (
				DBBC8B6D28FE3F1F00A25DFE /* PokemonAbilityView.swift */,
				DBBC8B5A28FE096000A25DFE /* PokemonAboutView.swift */,
			);
			path = AboutView;
			sourceTree = "<group>";
		};
		DBBC8B7328FF1B2800A25DFE /* Common */ = {
			isa = PBXGroup;
			children = (
				DBBC8B5C28FE12C700A25DFE /* PokemonInfoStruct.swift */,
			);
			path = Common;
			sourceTree = "<group>";
		};
		DBBC8B7428FF1B4200A25DFE /* StatsView */ = {
			isa = PBXGroup;
			children = (
				DBBC8B7528FF1B5600A25DFE /* PokemonStatsView.swift */,
			);
			path = StatsView;
			sourceTree = "<group>";
		};
		DBBC8B7728FF292600A25DFE /* EvolutionView */ = {
			isa = PBXGroup;
			children = (
				DBBC8B7828FF293300A25DFE /* PokemonEvolutionView.swift */,
			);
			path = EvolutionView;
			sourceTree = "<group>";
		};
/* End PBXGroup section */

/* Begin PBXNativeTarget section */
		DB4D39DF28F75FF900B472F9 /* pokedex */ = {
			isa = PBXNativeTarget;
			buildConfigurationList = DB4D3A0D28F75FFC00B472F9 /* Build configuration list for PBXNativeTarget "pokedex" */;
			buildPhases = (
				DB4D39DC28F75FF900B472F9 /* Sources */,
				DB4D39DD28F75FF900B472F9 /* Frameworks */,
				DB4D39DE28F75FF900B472F9 /* Resources */,
			);
			buildRules = (
			);
			dependencies = (
			);
			name = pokedex;
			packageProductDependencies = (
				DB4D3A1728F7620A00B472F9 /* Alamofire */,
			);
			productName = pokedex;
			productReference = DB4D39E028F75FF900B472F9 /* pokedex.app */;
			productType = "com.apple.product-type.application";
		};
		DB4D39F828F75FFC00B472F9 /* pokedexTests */ = {
			isa = PBXNativeTarget;
			buildConfigurationList = DB4D3A1028F75FFC00B472F9 /* Build configuration list for PBXNativeTarget "pokedexTests" */;
			buildPhases = (
				DB4D39F528F75FFC00B472F9 /* Sources */,
				DB4D39F628F75FFC00B472F9 /* Frameworks */,
				DB4D39F728F75FFC00B472F9 /* Resources */,
			);
			buildRules = (
			);
			dependencies = (
				DB4D39FB28F75FFC00B472F9 /* PBXTargetDependency */,
			);
			name = pokedexTests;
			productName = pokedexTests;
			productReference = DB4D39F928F75FFC00B472F9 /* pokedexTests.xctest */;
			productType = "com.apple.product-type.bundle.unit-test";
		};
		DB4D3A0228F75FFC00B472F9 /* pokedexUITests */ = {
			isa = PBXNativeTarget;
			buildConfigurationList = DB4D3A1328F75FFC00B472F9 /* Build configuration list for PBXNativeTarget "pokedexUITests" */;
			buildPhases = (
				DB4D39FF28F75FFC00B472F9 /* Sources */,
				DB4D3A0028F75FFC00B472F9 /* Frameworks */,
				DB4D3A0128F75FFC00B472F9 /* Resources */,
			);
			buildRules = (
			);
			dependencies = (
				DB4D3A0528F75FFC00B472F9 /* PBXTargetDependency */,
			);
			name = pokedexUITests;
			productName = pokedexUITests;
			productReference = DB4D3A0328F75FFC00B472F9 /* pokedexUITests.xctest */;
			productType = "com.apple.product-type.bundle.ui-testing";
		};
/* End PBXNativeTarget section */

/* Begin PBXProject section */
		DB4D39D828F75FF900B472F9 /* Project object */ = {
			isa = PBXProject;
			attributes = {
				BuildIndependentTargetsInParallel = 1;
				LastSwiftUpdateCheck = 1400;
				LastUpgradeCheck = 1400;
				TargetAttributes = {
					DB4D39DF28F75FF900B472F9 = {
						CreatedOnToolsVersion = 14.0;
					};
					DB4D39F828F75FFC00B472F9 = {
						CreatedOnToolsVersion = 14.0;
						TestTargetID = DB4D39DF28F75FF900B472F9;
					};
					DB4D3A0228F75FFC00B472F9 = {
						CreatedOnToolsVersion = 14.0;
						TestTargetID = DB4D39DF28F75FF900B472F9;
					};
				};
			};
			buildConfigurationList = DB4D39DB28F75FF900B472F9 /* Build configuration list for PBXProject "pokedex" */;
			compatibilityVersion = "Xcode 14.0";
			developmentRegion = en;
			hasScannedForEncodings = 0;
			knownRegions = (
				en,
				Base,
			);
			mainGroup = DB4D39D728F75FF900B472F9;
			packageReferences = (
				DB4D3A1628F7620A00B472F9 /* XCRemoteSwiftPackageReference "Alamofire" */,
			);
			productRefGroup = DB4D39E128F75FF900B472F9 /* Products */;
			projectDirPath = "";
			projectRoot = "";
			targets = (
				DB4D39DF28F75FF900B472F9 /* pokedex */,
				DB4D39F828F75FFC00B472F9 /* pokedexTests */,
				DB4D3A0228F75FFC00B472F9 /* pokedexUITests */,
			);
		};
/* End PBXProject section */

/* Begin PBXResourcesBuildPhase section */
		DB4D39DE28F75FF900B472F9 /* Resources */ = {
			isa = PBXResourcesBuildPhase;
			buildActionMask = 2147483647;
			files = (
				DB4D39F328F75FFB00B472F9 /* LaunchScreen.storyboard in Resources */,
				DB4D39F028F75FFB00B472F9 /* Assets.xcassets in Resources */,
			);
			runOnlyForDeploymentPostprocessing = 0;
		};
		DB4D39F728F75FFC00B472F9 /* Resources */ = {
			isa = PBXResourcesBuildPhase;
			buildActionMask = 2147483647;
			files = (
			);
			runOnlyForDeploymentPostprocessing = 0;
		};
		DB4D3A0128F75FFC00B472F9 /* Resources */ = {
			isa = PBXResourcesBuildPhase;
			buildActionMask = 2147483647;
			files = (
			);
			runOnlyForDeploymentPostprocessing = 0;
		};
/* End PBXResourcesBuildPhase section */

/* Begin PBXSourcesBuildPhase section */
		DB4D39DC28F75FF900B472F9 /* Sources */ = {
			isa = PBXSourcesBuildPhase;
			buildActionMask = 2147483647;
			files = (
				DB4D39EE28F75FF900B472F9 /* pokedex.xcdatamodeld in Sources */,
				DB4D3A6428F9A51E00B472F9 /* Other.swift in Sources */,
				DB4D3A6628F9A7E300B472F9 /* StringConstants.swift in Sources */,
				DBBC8B5028FDDAB300A25DFE /* PokemonDetailsViewController.swift in Sources */,
				DB4D3A6C28F9C4E900B472F9 /* PokemonCell.swift in Sources */,
				DB4D3A5E28F9A33D00B472F9 /* Ability.swift in Sources */,
				DB4D3A4C28F875A100B472F9 /* Pokemon.swift in Sources */,
				DB4D3A5C28F9A19F00B472F9 /* IndividualPokemon.swift in Sources */,
				DB4D3A3128F7A5D200B472F9 /* PokemonListCoordinator.swift in Sources */,
				DB4D39E828F75FF900B472F9 /* CoreViewController.swift in Sources */,
				DBBC8B6128FE262000A25DFE /* PokemonSpecies.swift in Sources */,
				DBBC8B4028FADBF600A25DFE /* PokemonType.swift in Sources */,
				DB4D3A2A28F764FE00B472F9 /* MainCoordiinator.swift in Sources */,
				DBBC8B5D28FE12C700A25DFE /* PokemonInfoStruct.swift in Sources */,
				DBBC8B4628FCC41100A25DFE /* PokedexApiManager.swift in Sources */,
				DB4D3A4E28F879D900B472F9 /* Results.swift in Sources */,
				DB4D3A2F28F7A43D00B472F9 /* PokemonListViewController.swift in Sources */,
				DB4D3A3728F7A8D400B472F9 /* LoadingScreenCoordinator.swift in Sources */,
				DB4D3A6A28F9C4DA00B472F9 /* PokemonListView.swift in Sources */,
				DBBC8B3E28FADB4D00A25DFE /* PokemonDetails.swift in Sources */,
				DB4D39E428F75FF900B472F9 /* AppDelegate.swift in Sources */,
				DBBC8B4428FADF9000A25DFE /* PokemonTypeView.swift in Sources */,
				DB4D3A3A28F7A99400B472F9 /* gifLoader.swift in Sources */,
				DB4D3A6F28F9C56A00B472F9 /* PokemonListViewModel.swift in Sources */,
				DB4D3A2428F762F700B472F9 /* Coordinator.swift in Sources */,
				DBBC8B5728FDE41900A25DFE /* PokemonDetailsCell.swift in Sources */,
				DBBC8B5F28FE25D800A25DFE /* Specie.swift in Sources */,
				DBBC8B6528FE278500A25DFE /* FlavorTextEntries.swift in Sources */,
				DB4D3A3528F7A8C300B472F9 /* LoadingScreenViewController.swift in Sources */,
				DB4D3A5828F8DCF800B472F9 /* LoadingProtocol.swift in Sources */,
				DBBC8B5B28FE096000A25DFE /* PokemonAboutView.swift in Sources */,
				DBBC8B6328FE276700A25DFE /* EggGroups.swift in Sources */,
				DB4D3A6028F9A34700B472F9 /* PokemonTypes.swift in Sources */,
				DB4D39E628F75FF900B472F9 /* SceneDelegate.swift in Sources */,
				DB4D3A7228F9D29D00B472F9 /* ViewModelDelegate.swift in Sources */,
				DB4D3A6228F9A45400B472F9 /* PkmnImage.swift in Sources */,
				DBBC8B4E28FDDA7B00A25DFE /* PokemonDetailsCoordnator.swift in Sources */,
				DBBC8B4828FCC7FB00A25DFE /* PokedexNetworkLogger.swift in Sources */,
				DBBC8B6728FE27D700A25DFE /* Shape.swift in Sources */,
				DB4D3A5A28F8E38200B472F9 /* LoadingState.swift in Sources */,
				DBBC8B6C28FE3F0F00A25DFE /* PokemonAbilityViewController.swift in Sources */,
				DB4D3A5428F89FDB00B472F9 /* Icons.swift in Sources */,
				DBBC8B7628FF1B5600A25DFE /* PokemonStatsView.swift in Sources */,
				DB4D3A4628F8726E00B472F9 /* LoadingScreenModelView.swift in Sources */,
				DBBC8B6A28FE3C9000A25DFE /* ModalDelegate.swift in Sources */,
				DBBC8B7B28FF33B900A25DFE /* Stats.swift in Sources */,
				DBBC8B7228FE4A5600A25DFE /* AbilityEntry.swift in Sources */,
				DB4D3A4028F7A9FF00B472F9 /* LoadingView.swift in Sources */,
				DB4D3A5628F8A26000B472F9 /* IconColors.swift in Sources */,
				DBBC8B5928FDF62100A25DFE /* PokemonPropertiesFunctions.swift in Sources */,
				DB4D3A2628F7633100B472F9 /* UIViewLayout.swift in Sources */,
				DBBC8B7928FF293300A25DFE /* PokemonEvolutionView.swift in Sources */,
				DBBC8B5428FDDB6200A25DFE /* PokemonDetailsView.swift in Sources */,
				DBBC8B6E28FE3F1F00A25DFE /* PokemonAbilityView.swift in Sources */,
				DBBC8B5228FDDB1300A25DFE /* PokemonDetailsModelView.swift in Sources */,
				DBBC8B4228FADCBE00A25DFE /* OfficialArtwork.swift in Sources */,
			);
			runOnlyForDeploymentPostprocessing = 0;
		};
		DB4D39F528F75FFC00B472F9 /* Sources */ = {
			isa = PBXSourcesBuildPhase;
			buildActionMask = 2147483647;
			files = (
				DB4D39FE28F75FFC00B472F9 /* pokedexTests.swift in Sources */,
			);
			runOnlyForDeploymentPostprocessing = 0;
		};
		DB4D39FF28F75FFC00B472F9 /* Sources */ = {
			isa = PBXSourcesBuildPhase;
			buildActionMask = 2147483647;
			files = (
				DB4D3A0828F75FFC00B472F9 /* pokedexUITests.swift in Sources */,
				DB4D3A0A28F75FFC00B472F9 /* pokedexUITestsLaunchTests.swift in Sources */,
			);
			runOnlyForDeploymentPostprocessing = 0;
		};
/* End PBXSourcesBuildPhase section */

/* Begin PBXTargetDependency section */
		DB4D39FB28F75FFC00B472F9 /* PBXTargetDependency */ = {
			isa = PBXTargetDependency;
			target = DB4D39DF28F75FF900B472F9 /* pokedex */;
			targetProxy = DB4D39FA28F75FFC00B472F9 /* PBXContainerItemProxy */;
		};
		DB4D3A0528F75FFC00B472F9 /* PBXTargetDependency */ = {
			isa = PBXTargetDependency;
			target = DB4D39DF28F75FF900B472F9 /* pokedex */;
			targetProxy = DB4D3A0428F75FFC00B472F9 /* PBXContainerItemProxy */;
		};
/* End PBXTargetDependency section */

/* Begin PBXVariantGroup section */
		DB4D39F128F75FFB00B472F9 /* LaunchScreen.storyboard */ = {
			isa = PBXVariantGroup;
			children = (
				DB4D39F228F75FFB00B472F9 /* Base */,
			);
			name = LaunchScreen.storyboard;
			sourceTree = "<group>";
		};
/* End PBXVariantGroup section */

/* Begin XCBuildConfiguration section */
		DB4D3A0B28F75FFC00B472F9 /* Debug */ = {
			isa = XCBuildConfiguration;
			buildSettings = {
				ALWAYS_SEARCH_USER_PATHS = NO;
				CLANG_ANALYZER_NONNULL = YES;
				CLANG_ANALYZER_NUMBER_OBJECT_CONVERSION = YES_AGGRESSIVE;
				CLANG_CXX_LANGUAGE_STANDARD = "gnu++20";
				CLANG_ENABLE_MODULES = YES;
				CLANG_ENABLE_OBJC_ARC = YES;
				CLANG_ENABLE_OBJC_WEAK = YES;
				CLANG_WARN_BLOCK_CAPTURE_AUTORELEASING = YES;
				CLANG_WARN_BOOL_CONVERSION = YES;
				CLANG_WARN_COMMA = YES;
				CLANG_WARN_CONSTANT_CONVERSION = YES;
				CLANG_WARN_DEPRECATED_OBJC_IMPLEMENTATIONS = YES;
				CLANG_WARN_DIRECT_OBJC_ISA_USAGE = YES_ERROR;
				CLANG_WARN_DOCUMENTATION_COMMENTS = YES;
				CLANG_WARN_EMPTY_BODY = YES;
				CLANG_WARN_ENUM_CONVERSION = YES;
				CLANG_WARN_INFINITE_RECURSION = YES;
				CLANG_WARN_INT_CONVERSION = YES;
				CLANG_WARN_NON_LITERAL_NULL_CONVERSION = YES;
				CLANG_WARN_OBJC_IMPLICIT_RETAIN_SELF = YES;
				CLANG_WARN_OBJC_LITERAL_CONVERSION = YES;
				CLANG_WARN_OBJC_ROOT_CLASS = YES_ERROR;
				CLANG_WARN_QUOTED_INCLUDE_IN_FRAMEWORK_HEADER = YES;
				CLANG_WARN_RANGE_LOOP_ANALYSIS = YES;
				CLANG_WARN_STRICT_PROTOTYPES = YES;
				CLANG_WARN_SUSPICIOUS_MOVE = YES;
				CLANG_WARN_UNGUARDED_AVAILABILITY = YES_AGGRESSIVE;
				CLANG_WARN_UNREACHABLE_CODE = YES;
				CLANG_WARN__DUPLICATE_METHOD_MATCH = YES;
				COPY_PHASE_STRIP = NO;
				DEBUG_INFORMATION_FORMAT = dwarf;
				ENABLE_STRICT_OBJC_MSGSEND = YES;
				ENABLE_TESTABILITY = YES;
				GCC_C_LANGUAGE_STANDARD = gnu11;
				GCC_DYNAMIC_NO_PIC = NO;
				GCC_NO_COMMON_BLOCKS = YES;
				GCC_OPTIMIZATION_LEVEL = 0;
				GCC_PREPROCESSOR_DEFINITIONS = (
					"DEBUG=1",
					"$(inherited)",
				);
				GCC_WARN_64_TO_32_BIT_CONVERSION = YES;
				GCC_WARN_ABOUT_RETURN_TYPE = YES_ERROR;
				GCC_WARN_UNDECLARED_SELECTOR = YES;
				GCC_WARN_UNINITIALIZED_AUTOS = YES_AGGRESSIVE;
				GCC_WARN_UNUSED_FUNCTION = YES;
				GCC_WARN_UNUSED_VARIABLE = YES;
				IPHONEOS_DEPLOYMENT_TARGET = 16.0;
				MTL_ENABLE_DEBUG_INFO = INCLUDE_SOURCE;
				MTL_FAST_MATH = YES;
				ONLY_ACTIVE_ARCH = YES;
				SDKROOT = iphoneos;
				SWIFT_ACTIVE_COMPILATION_CONDITIONS = DEBUG;
				SWIFT_OPTIMIZATION_LEVEL = "-Onone";
			};
			name = Debug;
		};
		DB4D3A0C28F75FFC00B472F9 /* Release */ = {
			isa = XCBuildConfiguration;
			buildSettings = {
				ALWAYS_SEARCH_USER_PATHS = NO;
				CLANG_ANALYZER_NONNULL = YES;
				CLANG_ANALYZER_NUMBER_OBJECT_CONVERSION = YES_AGGRESSIVE;
				CLANG_CXX_LANGUAGE_STANDARD = "gnu++20";
				CLANG_ENABLE_MODULES = YES;
				CLANG_ENABLE_OBJC_ARC = YES;
				CLANG_ENABLE_OBJC_WEAK = YES;
				CLANG_WARN_BLOCK_CAPTURE_AUTORELEASING = YES;
				CLANG_WARN_BOOL_CONVERSION = YES;
				CLANG_WARN_COMMA = YES;
				CLANG_WARN_CONSTANT_CONVERSION = YES;
				CLANG_WARN_DEPRECATED_OBJC_IMPLEMENTATIONS = YES;
				CLANG_WARN_DIRECT_OBJC_ISA_USAGE = YES_ERROR;
				CLANG_WARN_DOCUMENTATION_COMMENTS = YES;
				CLANG_WARN_EMPTY_BODY = YES;
				CLANG_WARN_ENUM_CONVERSION = YES;
				CLANG_WARN_INFINITE_RECURSION = YES;
				CLANG_WARN_INT_CONVERSION = YES;
				CLANG_WARN_NON_LITERAL_NULL_CONVERSION = YES;
				CLANG_WARN_OBJC_IMPLICIT_RETAIN_SELF = YES;
				CLANG_WARN_OBJC_LITERAL_CONVERSION = YES;
				CLANG_WARN_OBJC_ROOT_CLASS = YES_ERROR;
				CLANG_WARN_QUOTED_INCLUDE_IN_FRAMEWORK_HEADER = YES;
				CLANG_WARN_RANGE_LOOP_ANALYSIS = YES;
				CLANG_WARN_STRICT_PROTOTYPES = YES;
				CLANG_WARN_SUSPICIOUS_MOVE = YES;
				CLANG_WARN_UNGUARDED_AVAILABILITY = YES_AGGRESSIVE;
				CLANG_WARN_UNREACHABLE_CODE = YES;
				CLANG_WARN__DUPLICATE_METHOD_MATCH = YES;
				COPY_PHASE_STRIP = NO;
				DEBUG_INFORMATION_FORMAT = "dwarf-with-dsym";
				ENABLE_NS_ASSERTIONS = NO;
				ENABLE_STRICT_OBJC_MSGSEND = YES;
				GCC_C_LANGUAGE_STANDARD = gnu11;
				GCC_NO_COMMON_BLOCKS = YES;
				GCC_WARN_64_TO_32_BIT_CONVERSION = YES;
				GCC_WARN_ABOUT_RETURN_TYPE = YES_ERROR;
				GCC_WARN_UNDECLARED_SELECTOR = YES;
				GCC_WARN_UNINITIALIZED_AUTOS = YES_AGGRESSIVE;
				GCC_WARN_UNUSED_FUNCTION = YES;
				GCC_WARN_UNUSED_VARIABLE = YES;
				IPHONEOS_DEPLOYMENT_TARGET = 16.0;
				MTL_ENABLE_DEBUG_INFO = NO;
				MTL_FAST_MATH = YES;
				SDKROOT = iphoneos;
				SWIFT_COMPILATION_MODE = wholemodule;
				SWIFT_OPTIMIZATION_LEVEL = "-O";
				VALIDATE_PRODUCT = YES;
			};
			name = Release;
		};
		DB4D3A0E28F75FFC00B472F9 /* Debug */ = {
			isa = XCBuildConfiguration;
			buildSettings = {
				ASSETCATALOG_COMPILER_APPICON_NAME = AppIcon;
				ASSETCATALOG_COMPILER_GLOBAL_ACCENT_COLOR_NAME = AccentColor;
				CODE_SIGN_STYLE = Automatic;
				CURRENT_PROJECT_VERSION = 1;
				DEVELOPMENT_TEAM = Z9QZ625W6Q;
				GENERATE_INFOPLIST_FILE = YES;
				INFOPLIST_FILE = pokedex/Info.plist;
				INFOPLIST_KEY_UIApplicationSupportsIndirectInputEvents = YES;
				INFOPLIST_KEY_UILaunchStoryboardName = "";
				INFOPLIST_KEY_UIStatusBarStyle = "";
				INFOPLIST_KEY_UISupportedInterfaceOrientations = UIInterfaceOrientationPortrait;
				LD_RUNPATH_SEARCH_PATHS = (
					"$(inherited)",
					"@executable_path/Frameworks",
				);
				MARKETING_VERSION = 1.0;
				PRODUCT_BUNDLE_IDENTIFIER = com.julianaprado.pokedex;
				PRODUCT_NAME = "$(TARGET_NAME)";
				SUPPORTED_PLATFORMS = "iphoneos iphonesimulator";
				SUPPORTS_MACCATALYST = NO;
				SUPPORTS_MAC_DESIGNED_FOR_IPHONE_IPAD = YES;
				SWIFT_EMIT_LOC_STRINGS = YES;
				SWIFT_VERSION = 5.0;
				TARGETED_DEVICE_FAMILY = "1,2";
			};
			name = Debug;
		};
		DB4D3A0F28F75FFC00B472F9 /* Release */ = {
			isa = XCBuildConfiguration;
			buildSettings = {
				ASSETCATALOG_COMPILER_APPICON_NAME = AppIcon;
				ASSETCATALOG_COMPILER_GLOBAL_ACCENT_COLOR_NAME = AccentColor;
				CODE_SIGN_STYLE = Automatic;
				CURRENT_PROJECT_VERSION = 1;
				DEVELOPMENT_TEAM = Z9QZ625W6Q;
				GENERATE_INFOPLIST_FILE = YES;
				INFOPLIST_FILE = pokedex/Info.plist;
				INFOPLIST_KEY_UIApplicationSupportsIndirectInputEvents = YES;
				INFOPLIST_KEY_UILaunchStoryboardName = "";
				INFOPLIST_KEY_UIStatusBarStyle = "";
				INFOPLIST_KEY_UISupportedInterfaceOrientations = UIInterfaceOrientationPortrait;
				LD_RUNPATH_SEARCH_PATHS = (
					"$(inherited)",
					"@executable_path/Frameworks",
				);
				MARKETING_VERSION = 1.0;
				PRODUCT_BUNDLE_IDENTIFIER = com.julianaprado.pokedex;
				PRODUCT_NAME = "$(TARGET_NAME)";
				SUPPORTED_PLATFORMS = "iphoneos iphonesimulator";
				SUPPORTS_MACCATALYST = NO;
				SUPPORTS_MAC_DESIGNED_FOR_IPHONE_IPAD = YES;
				SWIFT_EMIT_LOC_STRINGS = YES;
				SWIFT_VERSION = 5.0;
				TARGETED_DEVICE_FAMILY = "1,2";
			};
			name = Release;
		};
		DB4D3A1128F75FFC00B472F9 /* Debug */ = {
			isa = XCBuildConfiguration;
			buildSettings = {
				ALWAYS_EMBED_SWIFT_STANDARD_LIBRARIES = YES;
				BUNDLE_LOADER = "$(TEST_HOST)";
				CODE_SIGN_STYLE = Automatic;
				CURRENT_PROJECT_VERSION = 1;
				DEVELOPMENT_TEAM = Z9QZ625W6Q;
				GENERATE_INFOPLIST_FILE = YES;
				IPHONEOS_DEPLOYMENT_TARGET = 16.0;
				MARKETING_VERSION = 1.0;
				PRODUCT_BUNDLE_IDENTIFIER = com.julianaprado.pokedexTests;
				PRODUCT_NAME = "$(TARGET_NAME)";
				SWIFT_EMIT_LOC_STRINGS = NO;
				SWIFT_VERSION = 5.0;
				TARGETED_DEVICE_FAMILY = "1,2";
				TEST_HOST = "$(BUILT_PRODUCTS_DIR)/pokedex.app/$(BUNDLE_EXECUTABLE_FOLDER_PATH)/pokedex";
			};
			name = Debug;
		};
		DB4D3A1228F75FFC00B472F9 /* Release */ = {
			isa = XCBuildConfiguration;
			buildSettings = {
				ALWAYS_EMBED_SWIFT_STANDARD_LIBRARIES = YES;
				BUNDLE_LOADER = "$(TEST_HOST)";
				CODE_SIGN_STYLE = Automatic;
				CURRENT_PROJECT_VERSION = 1;
				DEVELOPMENT_TEAM = Z9QZ625W6Q;
				GENERATE_INFOPLIST_FILE = YES;
				IPHONEOS_DEPLOYMENT_TARGET = 16.0;
				MARKETING_VERSION = 1.0;
				PRODUCT_BUNDLE_IDENTIFIER = com.julianaprado.pokedexTests;
				PRODUCT_NAME = "$(TARGET_NAME)";
				SWIFT_EMIT_LOC_STRINGS = NO;
				SWIFT_VERSION = 5.0;
				TARGETED_DEVICE_FAMILY = "1,2";
				TEST_HOST = "$(BUILT_PRODUCTS_DIR)/pokedex.app/$(BUNDLE_EXECUTABLE_FOLDER_PATH)/pokedex";
			};
			name = Release;
		};
		DB4D3A1428F75FFC00B472F9 /* Debug */ = {
			isa = XCBuildConfiguration;
			buildSettings = {
				ALWAYS_EMBED_SWIFT_STANDARD_LIBRARIES = YES;
				CODE_SIGN_STYLE = Automatic;
				CURRENT_PROJECT_VERSION = 1;
				DEVELOPMENT_TEAM = Z9QZ625W6Q;
				GENERATE_INFOPLIST_FILE = YES;
				MARKETING_VERSION = 1.0;
				PRODUCT_BUNDLE_IDENTIFIER = com.julianaprado.pokedexUITests;
				PRODUCT_NAME = "$(TARGET_NAME)";
				SWIFT_EMIT_LOC_STRINGS = NO;
				SWIFT_VERSION = 5.0;
				TARGETED_DEVICE_FAMILY = "1,2";
				TEST_TARGET_NAME = pokedex;
			};
			name = Debug;
		};
		DB4D3A1528F75FFC00B472F9 /* Release */ = {
			isa = XCBuildConfiguration;
			buildSettings = {
				ALWAYS_EMBED_SWIFT_STANDARD_LIBRARIES = YES;
				CODE_SIGN_STYLE = Automatic;
				CURRENT_PROJECT_VERSION = 1;
				DEVELOPMENT_TEAM = Z9QZ625W6Q;
				GENERATE_INFOPLIST_FILE = YES;
				MARKETING_VERSION = 1.0;
				PRODUCT_BUNDLE_IDENTIFIER = com.julianaprado.pokedexUITests;
				PRODUCT_NAME = "$(TARGET_NAME)";
				SWIFT_EMIT_LOC_STRINGS = NO;
				SWIFT_VERSION = 5.0;
				TARGETED_DEVICE_FAMILY = "1,2";
				TEST_TARGET_NAME = pokedex;
			};
			name = Release;
		};
/* End XCBuildConfiguration section */

/* Begin XCConfigurationList section */
		DB4D39DB28F75FF900B472F9 /* Build configuration list for PBXProject "pokedex" */ = {
			isa = XCConfigurationList;
			buildConfigurations = (
				DB4D3A0B28F75FFC00B472F9 /* Debug */,
				DB4D3A0C28F75FFC00B472F9 /* Release */,
			);
			defaultConfigurationIsVisible = 0;
			defaultConfigurationName = Release;
		};
		DB4D3A0D28F75FFC00B472F9 /* Build configuration list for PBXNativeTarget "pokedex" */ = {
			isa = XCConfigurationList;
			buildConfigurations = (
				DB4D3A0E28F75FFC00B472F9 /* Debug */,
				DB4D3A0F28F75FFC00B472F9 /* Release */,
			);
			defaultConfigurationIsVisible = 0;
			defaultConfigurationName = Release;
		};
		DB4D3A1028F75FFC00B472F9 /* Build configuration list for PBXNativeTarget "pokedexTests" */ = {
			isa = XCConfigurationList;
			buildConfigurations = (
				DB4D3A1128F75FFC00B472F9 /* Debug */,
				DB4D3A1228F75FFC00B472F9 /* Release */,
			);
			defaultConfigurationIsVisible = 0;
			defaultConfigurationName = Release;
		};
		DB4D3A1328F75FFC00B472F9 /* Build configuration list for PBXNativeTarget "pokedexUITests" */ = {
			isa = XCConfigurationList;
			buildConfigurations = (
				DB4D3A1428F75FFC00B472F9 /* Debug */,
				DB4D3A1528F75FFC00B472F9 /* Release */,
			);
			defaultConfigurationIsVisible = 0;
			defaultConfigurationName = Release;
		};
/* End XCConfigurationList section */

/* Begin XCRemoteSwiftPackageReference section */
		DB4D3A1628F7620A00B472F9 /* XCRemoteSwiftPackageReference "Alamofire" */ = {
			isa = XCRemoteSwiftPackageReference;
			repositoryURL = "https://github.com/Alamofire/Alamofire";
			requirement = {
				kind = upToNextMajorVersion;
				minimumVersion = 5.0.0;
			};
		};
/* End XCRemoteSwiftPackageReference section */

/* Begin XCSwiftPackageProductDependency section */
		DB4D3A1728F7620A00B472F9 /* Alamofire */ = {
			isa = XCSwiftPackageProductDependency;
			package = DB4D3A1628F7620A00B472F9 /* XCRemoteSwiftPackageReference "Alamofire" */;
			productName = Alamofire;
		};
/* End XCSwiftPackageProductDependency section */

/* Begin XCVersionGroup section */
		DB4D39EC28F75FF900B472F9 /* pokedex.xcdatamodeld */ = {
			isa = XCVersionGroup;
			children = (
				DB4D39ED28F75FF900B472F9 /* pokedex.xcdatamodel */,
			);
			currentVersion = DB4D39ED28F75FF900B472F9 /* pokedex.xcdatamodel */;
			path = pokedex.xcdatamodeld;
			sourceTree = "<group>";
			versionGroupType = wrapper.xcdatamodel;
		};
/* End XCVersionGroup section */
	};
	rootObject = DB4D39D828F75FF900B472F9 /* Project object */;
}
